// !$*UTF8*$!
{
	archiveVersion = 1;
	classes = {
	};
	objectVersion = 46;
	objects = {

/* Begin PBXBuildFile section */
		8D808B4FBF4ED34BEF9C9B74 /* libPods-ios-groups.a in Frameworks */ = {isa = PBXBuildFile; fileRef = 5E3BF4FE2EDAAE5EB8543C47 /* libPods-ios-groups.a */; };
		AC3BB4661E79366300A1590D /* SystemConfiguration.framework in Frameworks */ = {isa = PBXBuildFile; fileRef = AC3BB4651E79366300A1590D /* SystemConfiguration.framework */; };
		AC3BB4681E79367600A1590D /* libz.tbd in Frameworks */ = {isa = PBXBuildFile; fileRef = AC3BB4671E79367600A1590D /* libz.tbd */; };
		AC3BB46A1E79368100A1590D /* libsqlite3.0.tbd in Frameworks */ = {isa = PBXBuildFile; fileRef = AC3BB4691E79368100A1590D /* libsqlite3.0.tbd */; };
		AC3BB46C1E7936AB00A1590D /* Security.framework in Frameworks */ = {isa = PBXBuildFile; fileRef = AC3BB46B1E7936AB00A1590D /* Security.framework */; };
		AC3BB46E1E7936DA00A1590D /* CoreTelephony.framework in Frameworks */ = {isa = PBXBuildFile; fileRef = AC3BB46D1E7936DA00A1590D /* CoreTelephony.framework */; };
		AC3BB4701E7936EB00A1590D /* CFNetwork.framework in Frameworks */ = {isa = PBXBuildFile; fileRef = AC3BB46F1E7936EB00A1590D /* CFNetwork.framework */; };
		AC3BB4AC1E79438500A1590D /* libWeChatSDK.a in Frameworks */ = {isa = PBXBuildFile; fileRef = AC3BB49D1E79438500A1590D /* libWeChatSDK.a */; };
		AC3BB4AD1E79438500A1590D /* README.txt in Resources */ = {isa = PBXBuildFile; fileRef = AC3BB49E1E79438500A1590D /* README.txt */; };
		AC3BB4AE1E79438500A1590D /* libopencore-amrnb.a in Frameworks */ = {isa = PBXBuildFile; fileRef = AC3BB4A41E79438500A1590D /* libopencore-amrnb.a */; };
		AC3BB4AF1E79438500A1590D /* RCConfig.plist in Resources */ = {isa = PBXBuildFile; fileRef = AC3BB4A51E79438500A1590D /* RCConfig.plist */; };
		AC3BB4B01E79438500A1590D /* release_notes_ios.txt in Resources */ = {isa = PBXBuildFile; fileRef = AC3BB4A61E79438500A1590D /* release_notes_ios.txt */; };
		AC3BB4B11E79438500A1590D /* RongIMLib.framework in Frameworks */ = {isa = PBXBuildFile; fileRef = AC3BB4A71E79438500A1590D /* RongIMLib.framework */; };
		AC3BB4B21E79438500A1590D /* libTalkingData.a in Frameworks */ = {isa = PBXBuildFile; fileRef = AC3BB4A91E79438500A1590D /* libTalkingData.a */; };
		AC3BB4C31E79476F00A1590D /* btn_home_box@2x.png in Resources */ = {isa = PBXBuildFile; fileRef = AC3BB4B61E79476F00A1590D /* btn_home_box@2x.png */; };
		AC3BB4C41E79476F00A1590D /* btn_home_transparent@2x.png in Resources */ = {isa = PBXBuildFile; fileRef = AC3BB4B71E79476F00A1590D /* btn_home_transparent@2x.png */; };
		AC3BB4C51E79476F00A1590D /* btn_home_ucenter@2x.png in Resources */ = {isa = PBXBuildFile; fileRef = AC3BB4B81E79476F00A1590D /* btn_home_ucenter@2x.png */; };
		AC3BB4C61E79476F00A1590D /* btn_nav_back_h.png in Resources */ = {isa = PBXBuildFile; fileRef = AC3BB4B91E79476F00A1590D /* btn_nav_back_h.png */; };
		AC3BB4C71E79476F00A1590D /* btn_nav_back_n.png in Resources */ = {isa = PBXBuildFile; fileRef = AC3BB4BA1E79476F00A1590D /* btn_nav_back_n.png */; };
		AC3BB4C81E79476F00A1590D /* Default-375w-667h@2x.png in Resources */ = {isa = PBXBuildFile; fileRef = AC3BB4BB1E79476F00A1590D /* Default-375w-667h@2x.png */; };
		AC3BB4C91E79476F00A1590D /* Default-414w-736h@3x.png in Resources */ = {isa = PBXBuildFile; fileRef = AC3BB4BC1E79476F00A1590D /* Default-414w-736h@3x.png */; };
		AC3BB4CA1E79476F00A1590D /* Default-568h@2x.png in Resources */ = {isa = PBXBuildFile; fileRef = AC3BB4BD1E79476F00A1590D /* Default-568h@2x.png */; };
		AC3BB4CB1E79476F00A1590D /* Default.png in Resources */ = {isa = PBXBuildFile; fileRef = AC3BB4BE1E79476F00A1590D /* Default.png */; };
		AC3BB4CC1E79476F00A1590D /* Default@2x.png in Resources */ = {isa = PBXBuildFile; fileRef = AC3BB4BF1E79476F00A1590D /* Default@2x.png */; };
		AC3BB4CD1E79476F00A1590D /* Icon.png in Resources */ = {isa = PBXBuildFile; fileRef = AC3BB4C01E79476F00A1590D /* Icon.png */; };
		AC3BB4CE1E79476F00A1590D /* Icon@2x.png in Resources */ = {isa = PBXBuildFile; fileRef = AC3BB4C11E79476F00A1590D /* Icon@2x.png */; };
		AC3BB4CF1E79476F00A1590D /* Icon_120.png in Resources */ = {isa = PBXBuildFile; fileRef = AC3BB4C21E79476F00A1590D /* Icon_120.png */; };
		AC3BB4E31E79803C00A1590D /* JYBaseViewController.m in Sources */ = {isa = PBXBuildFile; fileRef = AC3BB4D21E79803C00A1590D /* JYBaseViewController.m */; };
		AC3BB4E41E79803C00A1590D /* JYDemoViewController.m in Sources */ = {isa = PBXBuildFile; fileRef = AC3BB4D41E79803C00A1590D /* JYDemoViewController.m */; };
		AC3BB4E51E79803C00A1590D /* JYHomeViewController.m in Sources */ = {isa = PBXBuildFile; fileRef = AC3BB4D61E79803C00A1590D /* JYHomeViewController.m */; };
		AC3BB4E61E79803C00A1590D /* JYLoginViewController.m in Sources */ = {isa = PBXBuildFile; fileRef = AC3BB4D81E79803C00A1590D /* JYLoginViewController.m */; };
		AC3BB4E71E79803C00A1590D /* JYNavigationController.m in Sources */ = {isa = PBXBuildFile; fileRef = AC3BB4DA1E79803C00A1590D /* JYNavigationController.m */; };
		AC3BB4E81E79803C00A1590D /* JYLiveRoomViewController.m in Sources */ = {isa = PBXBuildFile; fileRef = AC3BB4DD1E79803C00A1590D /* JYLiveRoomViewController.m */; };
		AC3BB4E91E79803C00A1590D /* JYLiveViewController.m in Sources */ = {isa = PBXBuildFile; fileRef = AC3BB4DF1E79803C00A1590D /* JYLiveViewController.m */; };
		AC3BB4EA1E79803C00A1590D /* JYUCenterViewController.m in Sources */ = {isa = PBXBuildFile; fileRef = AC3BB4E21E79803C00A1590D /* JYUCenterViewController.m */; };
		AC3BB4ED1E7980E300A1590D /* JYUtil.m in Sources */ = {isa = PBXBuildFile; fileRef = AC3BB4EC1E7980E300A1590D /* JYUtil.m */; };
		AC8A4E5E1E52B2F100C6D537 /* main.m in Sources */ = {isa = PBXBuildFile; fileRef = AC8A4E5D1E52B2F100C6D537 /* main.m */; };
		AC8A4E611E52B2F100C6D537 /* AppDelegate.m in Sources */ = {isa = PBXBuildFile; fileRef = AC8A4E601E52B2F100C6D537 /* AppDelegate.m */; };
		ACC947631E555F4C006514E5 /* UIColor+JYCategory.m in Sources */ = {isa = PBXBuildFile; fileRef = ACC947621E555F4C006514E5 /* UIColor+JYCategory.m */; };
		ACC947671E5577F8006514E5 /* NSString+JYCategory.m in Sources */ = {isa = PBXBuildFile; fileRef = ACC947661E5577F8006514E5 /* NSString+JYCategory.m */; };
		ACC9476A1E557810006514E5 /* NSDictionary+JYCategory.m in Sources */ = {isa = PBXBuildFile; fileRef = ACC947691E557810006514E5 /* NSDictionary+JYCategory.m */; };
		ACC9476D1E557828006514E5 /* NSMutableDictionary+JYCategory.m in Sources */ = {isa = PBXBuildFile; fileRef = ACC9476C1E557828006514E5 /* NSMutableDictionary+JYCategory.m */; };
		ACC947701E55785B006514E5 /* NSMutableArray+JYCategory.m in Sources */ = {isa = PBXBuildFile; fileRef = ACC9476F1E55785B006514E5 /* NSMutableArray+JYCategory.m */; };
		ACC947731E557871006514E5 /* NSArray+JYCategory.m in Sources */ = {isa = PBXBuildFile; fileRef = ACC947721E557871006514E5 /* NSArray+JYCategory.m */; };
		ACC947761E5578D8006514E5 /* UIView+JYFrame.m in Sources */ = {isa = PBXBuildFile; fileRef = ACC947751E5578D8006514E5 /* UIView+JYFrame.m */; };
		ACC9477C1E558E23006514E5 /* UIView+JYScreenshot.m in Sources */ = {isa = PBXBuildFile; fileRef = ACC9477B1E558E23006514E5 /* UIView+JYScreenshot.m */; };
		ACC9477F1E559025006514E5 /* UIButton+JYCategory.m in Sources */ = {isa = PBXBuildFile; fileRef = ACC9477E1E559025006514E5 /* UIButton+JYCategory.m */; };
		ACC947931E55A237006514E5 /* AVFoundation.framework in Frameworks */ = {isa = PBXBuildFile; fileRef = ACC947921E55A237006514E5 /* AVFoundation.framework */; };
		ACC947951E55A243006514E5 /* libc++.tbd in Frameworks */ = {isa = PBXBuildFile; fileRef = ACC947941E55A243006514E5 /* libc++.tbd */; };
		ACC947971E55A24D006514E5 /* libz.1.2.5.tbd in Frameworks */ = {isa = PBXBuildFile; fileRef = ACC947961E55A24D006514E5 /* libz.1.2.5.tbd */; };
		ACC947991E55A255006514E5 /* CoreMotion.framework in Frameworks */ = {isa = PBXBuildFile; fileRef = ACC947981E55A255006514E5 /* CoreMotion.framework */; };
		ACC9479B1E55A25E006514E5 /* AdSupport.framework in Frameworks */ = {isa = PBXBuildFile; fileRef = ACC9479A1E55A25E006514E5 /* AdSupport.framework */; };
		ACC947C01E56D5AD006514E5 /* UIButton+JYResources.m in Sources */ = {isa = PBXBuildFile; fileRef = ACC947BF1E56D5AD006514E5 /* UIButton+JYResources.m */; };
		ACC947C31E56D5BE006514E5 /* UIColor+JYResources.m in Sources */ = {isa = PBXBuildFile; fileRef = ACC947C21E56D5BE006514E5 /* UIColor+JYResources.m */; };
		ACC9481D1E5C58DE006514E5 /* iconfont.css in Resources */ = {isa = PBXBuildFile; fileRef = ACC948081E5C58DE006514E5 /* iconfont.css */; };
		ACC9481E1E5C58DE006514E5 /* iconfont.eot in Resources */ = {isa = PBXBuildFile; fileRef = ACC948091E5C58DE006514E5 /* iconfont.eot */; };
		ACC9481F1E5C58DE006514E5 /* iconfont.js in Resources */ = {isa = PBXBuildFile; fileRef = ACC9480A1E5C58DE006514E5 /* iconfont.js */; };
		ACC948201E5C58DE006514E5 /* iconfont.svg in Resources */ = {isa = PBXBuildFile; fileRef = ACC9480B1E5C58DE006514E5 /* iconfont.svg */; };
		ACC948211E5C58DE006514E5 /* iconfont.ttf in Resources */ = {isa = PBXBuildFile; fileRef = ACC9480C1E5C58DE006514E5 /* iconfont.ttf */; };
		ACC948221E5C58DE006514E5 /* iconfont.woff in Resources */ = {isa = PBXBuildFile; fileRef = ACC9480D1E5C58DE006514E5 /* iconfont.woff */; };
		ACC948321E5C5933006514E5 /* Localizable.strings in Resources */ = {isa = PBXBuildFile; fileRef = ACC948301E5C5933006514E5 /* Localizable.strings */; };
/* End PBXBuildFile section */

/* Begin PBXFileReference section */
		368736283C8CD5BA7B1229E5 /* Pods-ios-groupsTests.debug.xcconfig */ = {isa = PBXFileReference; includeInIndex = 1; lastKnownFileType = text.xcconfig; name = "Pods-ios-groupsTests.debug.xcconfig"; path = "Pods/Target Support Files/Pods-ios-groupsTests/Pods-ios-groupsTests.debug.xcconfig"; sourceTree = "<group>"; };
		5E3BF4FE2EDAAE5EB8543C47 /* libPods-ios-groups.a */ = {isa = PBXFileReference; explicitFileType = archive.ar; includeInIndex = 0; path = "libPods-ios-groups.a"; sourceTree = BUILT_PRODUCTS_DIR; };
		6A5B5F119B8D514395E23584 /* Pods-ios-groups.debug.xcconfig */ = {isa = PBXFileReference; includeInIndex = 1; lastKnownFileType = text.xcconfig; name = "Pods-ios-groups.debug.xcconfig"; path = "Pods/Target Support Files/Pods-ios-groups/Pods-ios-groups.debug.xcconfig"; sourceTree = "<group>"; };
		AC3BB4651E79366300A1590D /* SystemConfiguration.framework */ = {isa = PBXFileReference; lastKnownFileType = wrapper.framework; name = SystemConfiguration.framework; path = System/Library/Frameworks/SystemConfiguration.framework; sourceTree = SDKROOT; };
		AC3BB4671E79367600A1590D /* libz.tbd */ = {isa = PBXFileReference; lastKnownFileType = "sourcecode.text-based-dylib-definition"; name = libz.tbd; path = usr/lib/libz.tbd; sourceTree = SDKROOT; };
		AC3BB4691E79368100A1590D /* libsqlite3.0.tbd */ = {isa = PBXFileReference; lastKnownFileType = "sourcecode.text-based-dylib-definition"; name = libsqlite3.0.tbd; path = usr/lib/libsqlite3.0.tbd; sourceTree = SDKROOT; };
		AC3BB46B1E7936AB00A1590D /* Security.framework */ = {isa = PBXFileReference; lastKnownFileType = wrapper.framework; name = Security.framework; path = System/Library/Frameworks/Security.framework; sourceTree = SDKROOT; };
		AC3BB46D1E7936DA00A1590D /* CoreTelephony.framework */ = {isa = PBXFileReference; lastKnownFileType = wrapper.framework; name = CoreTelephony.framework; path = System/Library/Frameworks/CoreTelephony.framework; sourceTree = SDKROOT; };
		AC3BB46F1E7936EB00A1590D /* CFNetwork.framework */ = {isa = PBXFileReference; lastKnownFileType = wrapper.framework; name = CFNetwork.framework; path = System/Library/Frameworks/CFNetwork.framework; sourceTree = SDKROOT; };
		AC3BB49D1E79438500A1590D /* libWeChatSDK.a */ = {isa = PBXFileReference; lastKnownFileType = archive.ar; path = libWeChatSDK.a; sourceTree = "<group>"; };
		AC3BB49E1E79438500A1590D /* README.txt */ = {isa = PBXFileReference; fileEncoding = 4; lastKnownFileType = text; path = README.txt; sourceTree = "<group>"; };
		AC3BB49F1E79438500A1590D /* WechatAuthSDK.h */ = {isa = PBXFileReference; fileEncoding = 4; lastKnownFileType = sourcecode.c.h; path = WechatAuthSDK.h; sourceTree = "<group>"; };
		AC3BB4A01E79438500A1590D /* WXApi.h */ = {isa = PBXFileReference; fileEncoding = 4; lastKnownFileType = sourcecode.c.h; path = WXApi.h; sourceTree = "<group>"; };
		AC3BB4A11E79438500A1590D /* WXApiObject.h */ = {isa = PBXFileReference; fileEncoding = 4; lastKnownFileType = sourcecode.c.h; path = WXApiObject.h; sourceTree = "<group>"; };
		AC3BB4A41E79438500A1590D /* libopencore-amrnb.a */ = {isa = PBXFileReference; lastKnownFileType = archive.ar; path = "libopencore-amrnb.a"; sourceTree = "<group>"; };
		AC3BB4A51E79438500A1590D /* RCConfig.plist */ = {isa = PBXFileReference; fileEncoding = 4; lastKnownFileType = text.plist.xml; path = RCConfig.plist; sourceTree = "<group>"; };
		AC3BB4A61E79438500A1590D /* release_notes_ios.txt */ = {isa = PBXFileReference; fileEncoding = 4; lastKnownFileType = text; path = release_notes_ios.txt; sourceTree = "<group>"; };
		AC3BB4A71E79438500A1590D /* RongIMLib.framework */ = {isa = PBXFileReference; lastKnownFileType = wrapper.framework; path = RongIMLib.framework; sourceTree = "<group>"; };
		AC3BB4A91E79438500A1590D /* libTalkingData.a */ = {isa = PBXFileReference; lastKnownFileType = archive.ar; path = libTalkingData.a; sourceTree = "<group>"; };
		AC3BB4AA1E79438500A1590D /* TalkingData.h */ = {isa = PBXFileReference; fileEncoding = 4; lastKnownFileType = sourcecode.c.h; path = TalkingData.h; sourceTree = "<group>"; };
		AC3BB4AB1E79438500A1590D /* TalkingDataSMS.h */ = {isa = PBXFileReference; fileEncoding = 4; lastKnownFileType = sourcecode.c.h; path = TalkingDataSMS.h; sourceTree = "<group>"; };
		AC3BB4B61E79476F00A1590D /* btn_home_box@2x.png */ = {isa = PBXFileReference; lastKnownFileType = image.png; path = "btn_home_box@2x.png"; sourceTree = "<group>"; };
		AC3BB4B71E79476F00A1590D /* btn_home_transparent@2x.png */ = {isa = PBXFileReference; lastKnownFileType = image.png; path = "btn_home_transparent@2x.png"; sourceTree = "<group>"; };
		AC3BB4B81E79476F00A1590D /* btn_home_ucenter@2x.png */ = {isa = PBXFileReference; lastKnownFileType = image.png; path = "btn_home_ucenter@2x.png"; sourceTree = "<group>"; };
		AC3BB4B91E79476F00A1590D /* btn_nav_back_h.png */ = {isa = PBXFileReference; lastKnownFileType = image.png; path = btn_nav_back_h.png; sourceTree = "<group>"; };
		AC3BB4BA1E79476F00A1590D /* btn_nav_back_n.png */ = {isa = PBXFileReference; lastKnownFileType = image.png; path = btn_nav_back_n.png; sourceTree = "<group>"; };
		AC3BB4BB1E79476F00A1590D /* Default-375w-667h@2x.png */ = {isa = PBXFileReference; lastKnownFileType = image.png; path = "Default-375w-667h@2x.png"; sourceTree = "<group>"; };
		AC3BB4BC1E79476F00A1590D /* Default-414w-736h@3x.png */ = {isa = PBXFileReference; lastKnownFileType = image.png; path = "Default-414w-736h@3x.png"; sourceTree = "<group>"; };
		AC3BB4BD1E79476F00A1590D /* Default-568h@2x.png */ = {isa = PBXFileReference; lastKnownFileType = image.png; path = "Default-568h@2x.png"; sourceTree = "<group>"; };
		AC3BB4BE1E79476F00A1590D /* Default.png */ = {isa = PBXFileReference; lastKnownFileType = image.png; path = Default.png; sourceTree = "<group>"; };
		AC3BB4BF1E79476F00A1590D /* Default@2x.png */ = {isa = PBXFileReference; lastKnownFileType = image.png; path = "Default@2x.png"; sourceTree = "<group>"; };
		AC3BB4C01E79476F00A1590D /* Icon.png */ = {isa = PBXFileReference; lastKnownFileType = image.png; path = Icon.png; sourceTree = "<group>"; };
		AC3BB4C11E79476F00A1590D /* Icon@2x.png */ = {isa = PBXFileReference; lastKnownFileType = image.png; path = "Icon@2x.png"; sourceTree = "<group>"; };
		AC3BB4C21E79476F00A1590D /* Icon_120.png */ = {isa = PBXFileReference; lastKnownFileType = image.png; path = Icon_120.png; sourceTree = "<group>"; };
		AC3BB4D11E79803C00A1590D /* JYBaseViewController.h */ = {isa = PBXFileReference; fileEncoding = 4; lastKnownFileType = sourcecode.c.h; path = JYBaseViewController.h; sourceTree = "<group>"; };
		AC3BB4D21E79803C00A1590D /* JYBaseViewController.m */ = {isa = PBXFileReference; fileEncoding = 4; lastKnownFileType = sourcecode.c.objc; path = JYBaseViewController.m; sourceTree = "<group>"; };
		AC3BB4D31E79803C00A1590D /* JYDemoViewController.h */ = {isa = PBXFileReference; fileEncoding = 4; lastKnownFileType = sourcecode.c.h; path = JYDemoViewController.h; sourceTree = "<group>"; };
		AC3BB4D41E79803C00A1590D /* JYDemoViewController.m */ = {isa = PBXFileReference; fileEncoding = 4; lastKnownFileType = sourcecode.c.objc; path = JYDemoViewController.m; sourceTree = "<group>"; };
		AC3BB4D51E79803C00A1590D /* JYHomeViewController.h */ = {isa = PBXFileReference; fileEncoding = 4; lastKnownFileType = sourcecode.c.h; path = JYHomeViewController.h; sourceTree = "<group>"; };
		AC3BB4D61E79803C00A1590D /* JYHomeViewController.m */ = {isa = PBXFileReference; fileEncoding = 4; lastKnownFileType = sourcecode.c.objc; path = JYHomeViewController.m; sourceTree = "<group>"; };
		AC3BB4D71E79803C00A1590D /* JYLoginViewController.h */ = {isa = PBXFileReference; fileEncoding = 4; lastKnownFileType = sourcecode.c.h; path = JYLoginViewController.h; sourceTree = "<group>"; };
		AC3BB4D81E79803C00A1590D /* JYLoginViewController.m */ = {isa = PBXFileReference; fileEncoding = 4; lastKnownFileType = sourcecode.c.objc; path = JYLoginViewController.m; sourceTree = "<group>"; };
		AC3BB4D91E79803C00A1590D /* JYNavigationController.h */ = {isa = PBXFileReference; fileEncoding = 4; lastKnownFileType = sourcecode.c.h; path = JYNavigationController.h; sourceTree = "<group>"; };
		AC3BB4DA1E79803C00A1590D /* JYNavigationController.m */ = {isa = PBXFileReference; fileEncoding = 4; lastKnownFileType = sourcecode.c.objc; path = JYNavigationController.m; sourceTree = "<group>"; };
		AC3BB4DC1E79803C00A1590D /* JYLiveRoomViewController.h */ = {isa = PBXFileReference; fileEncoding = 4; lastKnownFileType = sourcecode.c.h; path = JYLiveRoomViewController.h; sourceTree = "<group>"; };
		AC3BB4DD1E79803C00A1590D /* JYLiveRoomViewController.m */ = {isa = PBXFileReference; fileEncoding = 4; lastKnownFileType = sourcecode.c.objc; path = JYLiveRoomViewController.m; sourceTree = "<group>"; };
		AC3BB4DE1E79803C00A1590D /* JYLiveViewController.h */ = {isa = PBXFileReference; fileEncoding = 4; lastKnownFileType = sourcecode.c.h; path = JYLiveViewController.h; sourceTree = "<group>"; };
		AC3BB4DF1E79803C00A1590D /* JYLiveViewController.m */ = {isa = PBXFileReference; fileEncoding = 4; lastKnownFileType = sourcecode.c.objc; path = JYLiveViewController.m; sourceTree = "<group>"; };
		AC3BB4E11E79803C00A1590D /* JYUCenterViewController.h */ = {isa = PBXFileReference; fileEncoding = 4; lastKnownFileType = sourcecode.c.h; path = JYUCenterViewController.h; sourceTree = "<group>"; };
		AC3BB4E21E79803C00A1590D /* JYUCenterViewController.m */ = {isa = PBXFileReference; fileEncoding = 4; lastKnownFileType = sourcecode.c.objc; path = JYUCenterViewController.m; sourceTree = "<group>"; };
		AC3BB4EB1E7980E300A1590D /* JYUtil.h */ = {isa = PBXFileReference; fileEncoding = 4; lastKnownFileType = sourcecode.c.h; path = JYUtil.h; sourceTree = "<group>"; };
		AC3BB4EC1E7980E300A1590D /* JYUtil.m */ = {isa = PBXFileReference; fileEncoding = 4; lastKnownFileType = sourcecode.c.objc; path = JYUtil.m; sourceTree = "<group>"; };
		AC8A4E591E52B2F100C6D537 /* ios-groups.app */ = {isa = PBXFileReference; explicitFileType = wrapper.application; includeInIndex = 0; path = "ios-groups.app"; sourceTree = BUILT_PRODUCTS_DIR; };
		AC8A4E5D1E52B2F100C6D537 /* main.m */ = {isa = PBXFileReference; lastKnownFileType = sourcecode.c.objc; path = main.m; sourceTree = "<group>"; };
		AC8A4E5F1E52B2F100C6D537 /* AppDelegate.h */ = {isa = PBXFileReference; lastKnownFileType = sourcecode.c.h; path = AppDelegate.h; sourceTree = "<group>"; };
		AC8A4E601E52B2F100C6D537 /* AppDelegate.m */ = {isa = PBXFileReference; lastKnownFileType = sourcecode.c.objc; path = AppDelegate.m; sourceTree = "<group>"; };
		AC8A4E6D1E52B2F100C6D537 /* Info.plist */ = {isa = PBXFileReference; lastKnownFileType = text.plist.xml; path = Info.plist; sourceTree = "<group>"; };
		AC8A4EA11E52B44000C6D537 /* PrefixHeader.pch */ = {isa = PBXFileReference; fileEncoding = 4; lastKnownFileType = sourcecode.c.h; path = PrefixHeader.pch; sourceTree = "<group>"; };
		ACC9475B1E55523D006514E5 /* JYUtilsMacros.h */ = {isa = PBXFileReference; lastKnownFileType = sourcecode.c.h; path = JYUtilsMacros.h; sourceTree = "<group>"; };
		ACC9475C1E555C81006514E5 /* JYPathMacros.h */ = {isa = PBXFileReference; lastKnownFileType = sourcecode.c.h; path = JYPathMacros.h; sourceTree = "<group>"; };
		ACC9475D1E555CCD006514E5 /* JYDimensMacros.h */ = {isa = PBXFileReference; lastKnownFileType = sourcecode.c.h; path = JYDimensMacros.h; sourceTree = "<group>"; };
		ACC9475E1E555D24006514E5 /* JYAPIMacros.h */ = {isa = PBXFileReference; lastKnownFileType = sourcecode.c.h; path = JYAPIMacros.h; sourceTree = "<group>"; };
		ACC9475F1E555D51006514E5 /* JYMacros.h */ = {isa = PBXFileReference; lastKnownFileType = sourcecode.c.h; path = JYMacros.h; sourceTree = "<group>"; };
		ACC947611E555F4C006514E5 /* UIColor+JYCategory.h */ = {isa = PBXFileReference; fileEncoding = 4; lastKnownFileType = sourcecode.c.h; path = "UIColor+JYCategory.h"; sourceTree = "<group>"; };
		ACC947621E555F4C006514E5 /* UIColor+JYCategory.m */ = {isa = PBXFileReference; fileEncoding = 4; lastKnownFileType = sourcecode.c.objc; path = "UIColor+JYCategory.m"; sourceTree = "<group>"; };
		ACC947641E5562DA006514E5 /* JYCategory.h */ = {isa = PBXFileReference; lastKnownFileType = sourcecode.c.h; path = JYCategory.h; sourceTree = "<group>"; };
		ACC947651E5577F8006514E5 /* NSString+JYCategory.h */ = {isa = PBXFileReference; fileEncoding = 4; lastKnownFileType = sourcecode.c.h; path = "NSString+JYCategory.h"; sourceTree = "<group>"; };
		ACC947661E5577F8006514E5 /* NSString+JYCategory.m */ = {isa = PBXFileReference; fileEncoding = 4; lastKnownFileType = sourcecode.c.objc; path = "NSString+JYCategory.m"; sourceTree = "<group>"; };
		ACC947681E557810006514E5 /* NSDictionary+JYCategory.h */ = {isa = PBXFileReference; fileEncoding = 4; lastKnownFileType = sourcecode.c.h; path = "NSDictionary+JYCategory.h"; sourceTree = "<group>"; };
		ACC947691E557810006514E5 /* NSDictionary+JYCategory.m */ = {isa = PBXFileReference; fileEncoding = 4; lastKnownFileType = sourcecode.c.objc; path = "NSDictionary+JYCategory.m"; sourceTree = "<group>"; };
		ACC9476B1E557828006514E5 /* NSMutableDictionary+JYCategory.h */ = {isa = PBXFileReference; fileEncoding = 4; lastKnownFileType = sourcecode.c.h; path = "NSMutableDictionary+JYCategory.h"; sourceTree = "<group>"; };
		ACC9476C1E557828006514E5 /* NSMutableDictionary+JYCategory.m */ = {isa = PBXFileReference; fileEncoding = 4; lastKnownFileType = sourcecode.c.objc; path = "NSMutableDictionary+JYCategory.m"; sourceTree = "<group>"; };
		ACC9476E1E55785B006514E5 /* NSMutableArray+JYCategory.h */ = {isa = PBXFileReference; fileEncoding = 4; lastKnownFileType = sourcecode.c.h; path = "NSMutableArray+JYCategory.h"; sourceTree = "<group>"; };
		ACC9476F1E55785B006514E5 /* NSMutableArray+JYCategory.m */ = {isa = PBXFileReference; fileEncoding = 4; lastKnownFileType = sourcecode.c.objc; path = "NSMutableArray+JYCategory.m"; sourceTree = "<group>"; };
		ACC947711E557871006514E5 /* NSArray+JYCategory.h */ = {isa = PBXFileReference; fileEncoding = 4; lastKnownFileType = sourcecode.c.h; path = "NSArray+JYCategory.h"; sourceTree = "<group>"; };
		ACC947721E557871006514E5 /* NSArray+JYCategory.m */ = {isa = PBXFileReference; fileEncoding = 4; lastKnownFileType = sourcecode.c.objc; path = "NSArray+JYCategory.m"; sourceTree = "<group>"; };
		ACC947741E5578D8006514E5 /* UIView+JYFrame.h */ = {isa = PBXFileReference; fileEncoding = 4; lastKnownFileType = sourcecode.c.h; path = "UIView+JYFrame.h"; sourceTree = "<group>"; };
		ACC947751E5578D8006514E5 /* UIView+JYFrame.m */ = {isa = PBXFileReference; fileEncoding = 4; lastKnownFileType = sourcecode.c.objc; path = "UIView+JYFrame.m"; sourceTree = "<group>"; };
		ACC9477A1E558E23006514E5 /* UIView+JYScreenshot.h */ = {isa = PBXFileReference; fileEncoding = 4; lastKnownFileType = sourcecode.c.h; path = "UIView+JYScreenshot.h"; sourceTree = "<group>"; };
		ACC9477B1E558E23006514E5 /* UIView+JYScreenshot.m */ = {isa = PBXFileReference; fileEncoding = 4; lastKnownFileType = sourcecode.c.objc; path = "UIView+JYScreenshot.m"; sourceTree = "<group>"; };
		ACC9477D1E559025006514E5 /* UIButton+JYCategory.h */ = {isa = PBXFileReference; fileEncoding = 4; lastKnownFileType = sourcecode.c.h; path = "UIButton+JYCategory.h"; sourceTree = "<group>"; };
		ACC9477E1E559025006514E5 /* UIButton+JYCategory.m */ = {isa = PBXFileReference; fileEncoding = 4; lastKnownFileType = sourcecode.c.objc; path = "UIButton+JYCategory.m"; sourceTree = "<group>"; };
		ACC947921E55A237006514E5 /* AVFoundation.framework */ = {isa = PBXFileReference; lastKnownFileType = wrapper.framework; name = AVFoundation.framework; path = System/Library/Frameworks/AVFoundation.framework; sourceTree = SDKROOT; };
		ACC947941E55A243006514E5 /* libc++.tbd */ = {isa = PBXFileReference; lastKnownFileType = "sourcecode.text-based-dylib-definition"; name = "libc++.tbd"; path = "usr/lib/libc++.tbd"; sourceTree = SDKROOT; };
		ACC947961E55A24D006514E5 /* libz.1.2.5.tbd */ = {isa = PBXFileReference; lastKnownFileType = "sourcecode.text-based-dylib-definition"; name = libz.1.2.5.tbd; path = usr/lib/libz.1.2.5.tbd; sourceTree = SDKROOT; };
		ACC947981E55A255006514E5 /* CoreMotion.framework */ = {isa = PBXFileReference; lastKnownFileType = wrapper.framework; name = CoreMotion.framework; path = System/Library/Frameworks/CoreMotion.framework; sourceTree = SDKROOT; };
		ACC9479A1E55A25E006514E5 /* AdSupport.framework */ = {isa = PBXFileReference; lastKnownFileType = wrapper.framework; name = AdSupport.framework; path = System/Library/Frameworks/AdSupport.framework; sourceTree = SDKROOT; };
		ACC947BE1E56D5AD006514E5 /* UIButton+JYResources.h */ = {isa = PBXFileReference; fileEncoding = 4; lastKnownFileType = sourcecode.c.h; path = "UIButton+JYResources.h"; sourceTree = "<group>"; };
		ACC947BF1E56D5AD006514E5 /* UIButton+JYResources.m */ = {isa = PBXFileReference; fileEncoding = 4; lastKnownFileType = sourcecode.c.objc; path = "UIButton+JYResources.m"; sourceTree = "<group>"; };
		ACC947C11E56D5BE006514E5 /* UIColor+JYResources.h */ = {isa = PBXFileReference; fileEncoding = 4; lastKnownFileType = sourcecode.c.h; path = "UIColor+JYResources.h"; sourceTree = "<group>"; };
		ACC947C21E56D5BE006514E5 /* UIColor+JYResources.m */ = {isa = PBXFileReference; fileEncoding = 4; lastKnownFileType = sourcecode.c.objc; path = "UIColor+JYResources.m"; sourceTree = "<group>"; };
		ACC948081E5C58DE006514E5 /* iconfont.css */ = {isa = PBXFileReference; fileEncoding = 4; lastKnownFileType = text.css; path = iconfont.css; sourceTree = "<group>"; };
		ACC948091E5C58DE006514E5 /* iconfont.eot */ = {isa = PBXFileReference; lastKnownFileType = file; path = iconfont.eot; sourceTree = "<group>"; };
		ACC9480A1E5C58DE006514E5 /* iconfont.js */ = {isa = PBXFileReference; fileEncoding = 4; lastKnownFileType = sourcecode.javascript; path = iconfont.js; sourceTree = "<group>"; };
		ACC9480B1E5C58DE006514E5 /* iconfont.svg */ = {isa = PBXFileReference; fileEncoding = 4; lastKnownFileType = text.xml; path = iconfont.svg; sourceTree = "<group>"; };
		ACC9480C1E5C58DE006514E5 /* iconfont.ttf */ = {isa = PBXFileReference; lastKnownFileType = file; path = iconfont.ttf; sourceTree = "<group>"; };
		ACC9480D1E5C58DE006514E5 /* iconfont.woff */ = {isa = PBXFileReference; lastKnownFileType = file; path = iconfont.woff; sourceTree = "<group>"; };
		ACC948311E5C5933006514E5 /* Base */ = {isa = PBXFileReference; lastKnownFileType = text.plist.strings; name = Base; path = Base.lproj/Localizable.strings; sourceTree = "<group>"; };
		ACC948331E5C5946006514E5 /* en */ = {isa = PBXFileReference; lastKnownFileType = text.plist.strings; name = en; path = en.lproj/Localizable.strings; sourceTree = "<group>"; };
		AE2992DCEA0B3A7D48C93BF6 /* Pods-ios-groups.release.xcconfig */ = {isa = PBXFileReference; includeInIndex = 1; lastKnownFileType = text.xcconfig; name = "Pods-ios-groups.release.xcconfig"; path = "Pods/Target Support Files/Pods-ios-groups/Pods-ios-groups.release.xcconfig"; sourceTree = "<group>"; };
		C85E00A012A7F1B936CA86DD /* Pods-ios-groupsTests.release.xcconfig */ = {isa = PBXFileReference; includeInIndex = 1; lastKnownFileType = text.xcconfig; name = "Pods-ios-groupsTests.release.xcconfig"; path = "Pods/Target Support Files/Pods-ios-groupsTests/Pods-ios-groupsTests.release.xcconfig"; sourceTree = "<group>"; };
		E21B542B9A794FD68E42670C /* Pods-ios-groupsUITests.release.xcconfig */ = {isa = PBXFileReference; includeInIndex = 1; lastKnownFileType = text.xcconfig; name = "Pods-ios-groupsUITests.release.xcconfig"; path = "Pods/Target Support Files/Pods-ios-groupsUITests/Pods-ios-groupsUITests.release.xcconfig"; sourceTree = "<group>"; };
		E6FE1EF45AB707BAA5C32268 /* libPods-ios-groupsTests.a */ = {isa = PBXFileReference; explicitFileType = archive.ar; includeInIndex = 0; path = "libPods-ios-groupsTests.a"; sourceTree = BUILT_PRODUCTS_DIR; };
		EEEB232F166C06D1C002DD04 /* libPods-ios-groupsUITests.a */ = {isa = PBXFileReference; explicitFileType = archive.ar; includeInIndex = 0; path = "libPods-ios-groupsUITests.a"; sourceTree = BUILT_PRODUCTS_DIR; };
		FA4FF7232767D6F4C2730B58 /* Pods-ios-groupsUITests.debug.xcconfig */ = {isa = PBXFileReference; includeInIndex = 1; lastKnownFileType = text.xcconfig; name = "Pods-ios-groupsUITests.debug.xcconfig"; path = "Pods/Target Support Files/Pods-ios-groupsUITests/Pods-ios-groupsUITests.debug.xcconfig"; sourceTree = "<group>"; };
/* End PBXFileReference section */

/* Begin PBXFrameworksBuildPhase section */
		AC8A4E561E52B2F100C6D537 /* Frameworks */ = {
			isa = PBXFrameworksBuildPhase;
			buildActionMask = 2147483647;
			files = (
				AC3BB4701E7936EB00A1590D /* CFNetwork.framework in Frameworks */,
				AC3BB4B11E79438500A1590D /* RongIMLib.framework in Frameworks */,
				AC3BB46E1E7936DA00A1590D /* CoreTelephony.framework in Frameworks */,
				AC3BB46C1E7936AB00A1590D /* Security.framework in Frameworks */,
				ACC947951E55A243006514E5 /* libc++.tbd in Frameworks */,
				AC3BB4AC1E79438500A1590D /* libWeChatSDK.a in Frameworks */,
				AC3BB46A1E79368100A1590D /* libsqlite3.0.tbd in Frameworks */,
				AC3BB4681E79367600A1590D /* libz.tbd in Frameworks */,
				AC3BB4661E79366300A1590D /* SystemConfiguration.framework in Frameworks */,
				ACC9479B1E55A25E006514E5 /* AdSupport.framework in Frameworks */,
				AC3BB4B21E79438500A1590D /* libTalkingData.a in Frameworks */,
				ACC947991E55A255006514E5 /* CoreMotion.framework in Frameworks */,
				ACC947971E55A24D006514E5 /* libz.1.2.5.tbd in Frameworks */,
				AC3BB4AE1E79438500A1590D /* libopencore-amrnb.a in Frameworks */,
				ACC947931E55A237006514E5 /* AVFoundation.framework in Frameworks */,
				8D808B4FBF4ED34BEF9C9B74 /* libPods-ios-groups.a in Frameworks */,
			);
			runOnlyForDeploymentPostprocessing = 0;
		};
/* End PBXFrameworksBuildPhase section */

/* Begin PBXGroup section */
		7458ECF0F3141E62D68B2463 /* Pods */ = {
			isa = PBXGroup;
			children = (
				6A5B5F119B8D514395E23584 /* Pods-ios-groups.debug.xcconfig */,
				AE2992DCEA0B3A7D48C93BF6 /* Pods-ios-groups.release.xcconfig */,
				368736283C8CD5BA7B1229E5 /* Pods-ios-groupsTests.debug.xcconfig */,
				C85E00A012A7F1B936CA86DD /* Pods-ios-groupsTests.release.xcconfig */,
				FA4FF7232767D6F4C2730B58 /* Pods-ios-groupsUITests.debug.xcconfig */,
				E21B542B9A794FD68E42670C /* Pods-ios-groupsUITests.release.xcconfig */,
			);
			name = Pods;
			sourceTree = "<group>";
		};
		8D539E8E265F23820E818E50 /* Frameworks */ = {
			isa = PBXGroup;
			children = (
				AC3BB46F1E7936EB00A1590D /* CFNetwork.framework */,
				AC3BB46D1E7936DA00A1590D /* CoreTelephony.framework */,
				AC3BB46B1E7936AB00A1590D /* Security.framework */,
				AC3BB4691E79368100A1590D /* libsqlite3.0.tbd */,
				AC3BB4671E79367600A1590D /* libz.tbd */,
				AC3BB4651E79366300A1590D /* SystemConfiguration.framework */,
				ACC9479A1E55A25E006514E5 /* AdSupport.framework */,
				ACC947981E55A255006514E5 /* CoreMotion.framework */,
				ACC947961E55A24D006514E5 /* libz.1.2.5.tbd */,
				ACC947941E55A243006514E5 /* libc++.tbd */,
				ACC947921E55A237006514E5 /* AVFoundation.framework */,
				5E3BF4FE2EDAAE5EB8543C47 /* libPods-ios-groups.a */,
				E6FE1EF45AB707BAA5C32268 /* libPods-ios-groupsTests.a */,
				EEEB232F166C06D1C002DD04 /* libPods-ios-groupsUITests.a */,
			);
			name = Frameworks;
			sourceTree = "<group>";
		};
		AC3BB49C1E79438500A1590D /* WeChatSDK */ = {
			isa = PBXGroup;
			children = (
				AC3BB49D1E79438500A1590D /* libWeChatSDK.a */,
				AC3BB49E1E79438500A1590D /* README.txt */,
				AC3BB49F1E79438500A1590D /* WechatAuthSDK.h */,
				AC3BB4A01E79438500A1590D /* WXApi.h */,
				AC3BB4A11E79438500A1590D /* WXApiObject.h */,
			);
			path = WeChatSDK;
			sourceTree = "<group>";
		};
		AC3BB4A21E79438500A1590D /* RongCloud */ = {
			isa = PBXGroup;
			children = (
				AC3BB4A31E79438500A1590D /* Headers */,
				AC3BB4A41E79438500A1590D /* libopencore-amrnb.a */,
				AC3BB4A51E79438500A1590D /* RCConfig.plist */,
				AC3BB4A61E79438500A1590D /* release_notes_ios.txt */,
				AC3BB4A71E79438500A1590D /* RongIMLib.framework */,
			);
			path = RongCloud;
			sourceTree = "<group>";
		};
		AC3BB4A31E79438500A1590D /* Headers */ = {
			isa = PBXGroup;
			children = (
			);
			path = Headers;
			sourceTree = "<group>";
		};
		AC3BB4A81E79438500A1590D /* TalkingData */ = {
			isa = PBXGroup;
			children = (
				AC3BB4A91E79438500A1590D /* libTalkingData.a */,
				AC3BB4AA1E79438500A1590D /* TalkingData.h */,
				AC3BB4AB1E79438500A1590D /* TalkingDataSMS.h */,
			);
			path = TalkingData;
			sourceTree = "<group>";
		};
		AC3BB4B51E79476F00A1590D /* images */ = {
			isa = PBXGroup;
			children = (
				AC3BB4B61E79476F00A1590D /* btn_home_box@2x.png */,
				AC3BB4B71E79476F00A1590D /* btn_home_transparent@2x.png */,
				AC3BB4B81E79476F00A1590D /* btn_home_ucenter@2x.png */,
				AC3BB4B91E79476F00A1590D /* btn_nav_back_h.png */,
				AC3BB4BA1E79476F00A1590D /* btn_nav_back_n.png */,
				AC3BB4BB1E79476F00A1590D /* Default-375w-667h@2x.png */,
				AC3BB4BC1E79476F00A1590D /* Default-414w-736h@3x.png */,
				AC3BB4BD1E79476F00A1590D /* Default-568h@2x.png */,
				AC3BB4BE1E79476F00A1590D /* Default.png */,
				AC3BB4BF1E79476F00A1590D /* Default@2x.png */,
				AC3BB4C01E79476F00A1590D /* Icon.png */,
				AC3BB4C11E79476F00A1590D /* Icon@2x.png */,
				AC3BB4C21E79476F00A1590D /* Icon_120.png */,
			);
			path = images;
			sourceTree = "<group>";
		};
		AC3BB4D01E79803C00A1590D /* Controllers */ = {
			isa = PBXGroup;
			children = (
				AC3BB4D11E79803C00A1590D /* JYBaseViewController.h */,
				AC3BB4D21E79803C00A1590D /* JYBaseViewController.m */,
				AC3BB4D31E79803C00A1590D /* JYDemoViewController.h */,
				AC3BB4D41E79803C00A1590D /* JYDemoViewController.m */,
				AC3BB4D51E79803C00A1590D /* JYHomeViewController.h */,
				AC3BB4D61E79803C00A1590D /* JYHomeViewController.m */,
				AC3BB4D71E79803C00A1590D /* JYLoginViewController.h */,
				AC3BB4D81E79803C00A1590D /* JYLoginViewController.m */,
				AC3BB4D91E79803C00A1590D /* JYNavigationController.h */,
				AC3BB4DA1E79803C00A1590D /* JYNavigationController.m */,
				AC3BB4DB1E79803C00A1590D /* Live */,
				AC3BB4E01E79803C00A1590D /* UCenter */,
			);
			path = Controllers;
			sourceTree = "<group>";
		};
		AC3BB4DB1E79803C00A1590D /* Live */ = {
			isa = PBXGroup;
			children = (
				AC3BB4DC1E79803C00A1590D /* JYLiveRoomViewController.h */,
				AC3BB4DD1E79803C00A1590D /* JYLiveRoomViewController.m */,
				AC3BB4DE1E79803C00A1590D /* JYLiveViewController.h */,
				AC3BB4DF1E79803C00A1590D /* JYLiveViewController.m */,
			);
			path = Live;
			sourceTree = "<group>";
		};
		AC3BB4E01E79803C00A1590D /* UCenter */ = {
			isa = PBXGroup;
			children = (
				AC3BB4E11E79803C00A1590D /* JYUCenterViewController.h */,
				AC3BB4E21E79803C00A1590D /* JYUCenterViewController.m */,
			);
			path = UCenter;
			sourceTree = "<group>";
		};
		AC8A4E501E52B2F100C6D537 = {
			isa = PBXGroup;
			children = (
				AC8A4E8F1E52B3C100C6D537 /* Classes */,
				ACC948011E5C58DE006514E5 /* Resource */,
				AC8A4E5B1E52B2F100C6D537 /* ios-groups */,
				AC8A4E5A1E52B2F100C6D537 /* Products */,
				7458ECF0F3141E62D68B2463 /* Pods */,
				8D539E8E265F23820E818E50 /* Frameworks */,
			);
			sourceTree = "<group>";
		};
		AC8A4E5A1E52B2F100C6D537 /* Products */ = {
			isa = PBXGroup;
			children = (
				AC8A4E591E52B2F100C6D537 /* ios-groups.app */,
			);
			name = Products;
			sourceTree = "<group>";
		};
		AC8A4E5B1E52B2F100C6D537 /* ios-groups */ = {
			isa = PBXGroup;
			children = (
				AC8A4E5F1E52B2F100C6D537 /* AppDelegate.h */,
				AC8A4E601E52B2F100C6D537 /* AppDelegate.m */,
				AC8A4E5C1E52B2F100C6D537 /* Supporting Files */,
			);
			path = "ios-groups";
			sourceTree = "<group>";
		};
		AC8A4E5C1E52B2F100C6D537 /* Supporting Files */ = {
			isa = PBXGroup;
			children = (
				ACC948301E5C5933006514E5 /* Localizable.strings */,
				AC8A4E6D1E52B2F100C6D537 /* Info.plist */,
				AC8A4E5D1E52B2F100C6D537 /* main.m */,
				AC8A4EA11E52B44000C6D537 /* PrefixHeader.pch */,
			);
			name = "Supporting Files";
			sourceTree = "<group>";
		};
		AC8A4E8F1E52B3C100C6D537 /* Classes */ = {
			isa = PBXGroup;
			children = (
				AC3BB4D01E79803C00A1590D /* Controllers */,
				AC8A4EB11E5470C700C6D537 /* Data */,
				AC8A4EB21E5470C700C6D537 /* Utils */,
				AC8A4EB41E5470C700C6D537 /* Widget */,
				ACC9475A1E5551F1006514E5 /* Macros */,
				ACC947601E555F02006514E5 /* Category */,
			);
			path = Classes;
			sourceTree = "<group>";
		};
		AC8A4EB11E5470C700C6D537 /* Data */ = {
			isa = PBXGroup;
			children = (
				ACC947E71E5B2BB8006514E5 /* model */,
				ACC947E81E5B2BB8006514E5 /* remote */,
			);
			path = Data;
			sourceTree = "<group>";
		};
		AC8A4EB21E5470C700C6D537 /* Utils */ = {
			isa = PBXGroup;
			children = (
				AC3BB4EB1E7980E300A1590D /* JYUtil.h */,
				AC3BB4EC1E7980E300A1590D /* JYUtil.m */,
			);
			path = Utils;
			sourceTree = "<group>";
		};
		AC8A4EB41E5470C700C6D537 /* Widget */ = {
			isa = PBXGroup;
			children = (
			);
			path = Widget;
			sourceTree = "<group>";
		};
		ACC9475A1E5551F1006514E5 /* Macros */ = {
			isa = PBXGroup;
			children = (
				ACC9475F1E555D51006514E5 /* JYMacros.h */,
				ACC9475B1E55523D006514E5 /* JYUtilsMacros.h */,
				ACC9475C1E555C81006514E5 /* JYPathMacros.h */,
				ACC9475D1E555CCD006514E5 /* JYDimensMacros.h */,
				ACC9475E1E555D24006514E5 /* JYAPIMacros.h */,
			);
			path = Macros;
			sourceTree = "<group>";
		};
		ACC947601E555F02006514E5 /* Category */ = {
			isa = PBXGroup;
			children = (
				ACC947641E5562DA006514E5 /* JYCategory.h */,
				ACC947611E555F4C006514E5 /* UIColor+JYCategory.h */,
				ACC947621E555F4C006514E5 /* UIColor+JYCategory.m */,
				ACC947C11E56D5BE006514E5 /* UIColor+JYResources.h */,
				ACC947C21E56D5BE006514E5 /* UIColor+JYResources.m */,
				ACC947651E5577F8006514E5 /* NSString+JYCategory.h */,
				ACC947661E5577F8006514E5 /* NSString+JYCategory.m */,
				ACC947681E557810006514E5 /* NSDictionary+JYCategory.h */,
				ACC947691E557810006514E5 /* NSDictionary+JYCategory.m */,
				ACC9476B1E557828006514E5 /* NSMutableDictionary+JYCategory.h */,
				ACC9476C1E557828006514E5 /* NSMutableDictionary+JYCategory.m */,
				ACC9476E1E55785B006514E5 /* NSMutableArray+JYCategory.h */,
				ACC9476F1E55785B006514E5 /* NSMutableArray+JYCategory.m */,
				ACC947711E557871006514E5 /* NSArray+JYCategory.h */,
				ACC947721E557871006514E5 /* NSArray+JYCategory.m */,
				ACC947741E5578D8006514E5 /* UIView+JYFrame.h */,
				ACC947751E5578D8006514E5 /* UIView+JYFrame.m */,
				ACC9477A1E558E23006514E5 /* UIView+JYScreenshot.h */,
				ACC9477B1E558E23006514E5 /* UIView+JYScreenshot.m */,
				ACC9477D1E559025006514E5 /* UIButton+JYCategory.h */,
				ACC9477E1E559025006514E5 /* UIButton+JYCategory.m */,
				ACC947BE1E56D5AD006514E5 /* UIButton+JYResources.h */,
				ACC947BF1E56D5AD006514E5 /* UIButton+JYResources.m */,
			);
			path = Category;
			sourceTree = "<group>";
		};
		ACC947E71E5B2BB8006514E5 /* model */ = {
			isa = PBXGroup;
			children = (
			);
			path = model;
			sourceTree = "<group>";
		};
		ACC947E81E5B2BB8006514E5 /* remote */ = {
			isa = PBXGroup;
			children = (
			);
			path = remote;
			sourceTree = "<group>";
		};
		ACC948011E5C58DE006514E5 /* Resource */ = {
			isa = PBXGroup;
			children = (
				AC3BB4B51E79476F00A1590D /* images */,
				ACC948071E5C58DE006514E5 /* iconfont */,
				AC3BB49C1E79438500A1590D /* WeChatSDK */,
				AC3BB4A21E79438500A1590D /* RongCloud */,
				AC3BB4A81E79438500A1590D /* TalkingData */,
			);
			path = Resource;
			sourceTree = "<group>";
		};
		ACC948071E5C58DE006514E5 /* iconfont */ = {
			isa = PBXGroup;
			children = (
				ACC948081E5C58DE006514E5 /* iconfont.css */,
				ACC948091E5C58DE006514E5 /* iconfont.eot */,
				ACC9480A1E5C58DE006514E5 /* iconfont.js */,
				ACC9480B1E5C58DE006514E5 /* iconfont.svg */,
				ACC9480C1E5C58DE006514E5 /* iconfont.ttf */,
				ACC9480D1E5C58DE006514E5 /* iconfont.woff */,
			);
			path = iconfont;
			sourceTree = "<group>";
		};
/* End PBXGroup section */

/* Begin PBXNativeTarget section */
		AC8A4E581E52B2F100C6D537 /* ios-groups */ = {
			isa = PBXNativeTarget;
			buildConfigurationList = AC8A4E861E52B2F100C6D537 /* Build configuration list for PBXNativeTarget "ios-groups" */;
			buildPhases = (
				73773C83C78B8C6A4D16DCAE /* [CP] Check Pods Manifest.lock */,
				AC8A4E551E52B2F100C6D537 /* Sources */,
				AC8A4E561E52B2F100C6D537 /* Frameworks */,
				AC8A4E571E52B2F100C6D537 /* Resources */,
				FC75DB1E67E17456E013F016 /* [CP] Embed Pods Frameworks */,
				7D8A38CE829398EBBF59CD09 /* [CP] Copy Pods Resources */,
			);
			buildRules = (
			);
			dependencies = (
			);
			name = "ios-groups";
			productName = "ios-groups";
			productReference = AC8A4E591E52B2F100C6D537 /* ios-groups.app */;
			productType = "com.apple.product-type.application";
		};
/* End PBXNativeTarget section */

/* Begin PBXProject section */
		AC8A4E511E52B2F100C6D537 /* Project object */ = {
			isa = PBXProject;
			attributes = {
				LastUpgradeCheck = 0820;
				ORGANIZATIONNAME = "董旭";
				TargetAttributes = {
					AC8A4E581E52B2F100C6D537 = {
						CreatedOnToolsVersion = 8.2.1;
						DevelopmentTeam = 9FA65VMFDP;
						ProvisioningStyle = Automatic;
					};
				};
			};
			buildConfigurationList = AC8A4E541E52B2F100C6D537 /* Build configuration list for PBXProject "ios-groups" */;
			compatibilityVersion = "Xcode 3.2";
			developmentRegion = English;
			hasScannedForEncodings = 0;
			knownRegions = (
				en,
				Base,
			);
			mainGroup = AC8A4E501E52B2F100C6D537;
			productRefGroup = AC8A4E5A1E52B2F100C6D537 /* Products */;
			projectDirPath = "";
			projectRoot = "";
			targets = (
				AC8A4E581E52B2F100C6D537 /* ios-groups */,
			);
		};
/* End PBXProject section */

/* Begin PBXResourcesBuildPhase section */
		AC8A4E571E52B2F100C6D537 /* Resources */ = {
			isa = PBXResourcesBuildPhase;
			buildActionMask = 2147483647;
			files = (
				AC3BB4C91E79476F00A1590D /* Default-414w-736h@3x.png in Resources */,
				AC3BB4CF1E79476F00A1590D /* Icon_120.png in Resources */,
				AC3BB4C51E79476F00A1590D /* btn_home_ucenter@2x.png in Resources */,
				AC3BB4C71E79476F00A1590D /* btn_nav_back_n.png in Resources */,
				ACC948201E5C58DE006514E5 /* iconfont.svg in Resources */,
				ACC9481E1E5C58DE006514E5 /* iconfont.eot in Resources */,
				AC3BB4CE1E79476F00A1590D /* Icon@2x.png in Resources */,
				ACC9481D1E5C58DE006514E5 /* iconfont.css in Resources */,
				AC3BB4C81E79476F00A1590D /* Default-375w-667h@2x.png in Resources */,
				AC3BB4C61E79476F00A1590D /* btn_nav_back_h.png in Resources */,
				AC3BB4C31E79476F00A1590D /* btn_home_box@2x.png in Resources */,
				ACC948211E5C58DE006514E5 /* iconfont.ttf in Resources */,
				ACC948321E5C5933006514E5 /* Localizable.strings in Resources */,
				AC3BB4CB1E79476F00A1590D /* Default.png in Resources */,
				AC3BB4CD1E79476F00A1590D /* Icon.png in Resources */,
				AC3BB4CC1E79476F00A1590D /* Default@2x.png in Resources */,
				AC3BB4CA1E79476F00A1590D /* Default-568h@2x.png in Resources */,
				AC3BB4AF1E79438500A1590D /* RCConfig.plist in Resources */,
				AC3BB4B01E79438500A1590D /* release_notes_ios.txt in Resources */,
				ACC9481F1E5C58DE006514E5 /* iconfont.js in Resources */,
				AC3BB4C41E79476F00A1590D /* btn_home_transparent@2x.png in Resources */,
				ACC948221E5C58DE006514E5 /* iconfont.woff in Resources */,
				AC3BB4AD1E79438500A1590D /* README.txt in Resources */,
			);
			runOnlyForDeploymentPostprocessing = 0;
		};
/* End PBXResourcesBuildPhase section */

/* Begin PBXShellScriptBuildPhase section */
		73773C83C78B8C6A4D16DCAE /* [CP] Check Pods Manifest.lock */ = {
			isa = PBXShellScriptBuildPhase;
			buildActionMask = 2147483647;
			files = (
			);
			inputPaths = (
			);
			name = "[CP] Check Pods Manifest.lock";
			outputPaths = (
			);
			runOnlyForDeploymentPostprocessing = 0;
			shellPath = /bin/sh;
			shellScript = "diff \"${PODS_ROOT}/../Podfile.lock\" \"${PODS_ROOT}/Manifest.lock\" > /dev/null\nif [[ $? != 0 ]] ; then\n    cat << EOM\nerror: The sandbox is not in sync with the Podfile.lock. Run 'pod install' or update your CocoaPods installation.\nEOM\n    exit 1\nfi\n";
			showEnvVarsInLog = 0;
		};
		7D8A38CE829398EBBF59CD09 /* [CP] Copy Pods Resources */ = {
			isa = PBXShellScriptBuildPhase;
			buildActionMask = 2147483647;
			files = (
			);
			inputPaths = (
			);
			name = "[CP] Copy Pods Resources";
			outputPaths = (
			);
			runOnlyForDeploymentPostprocessing = 0;
			shellPath = /bin/sh;
			shellScript = "\"${SRCROOT}/Pods/Target Support Files/Pods-ios-groups/Pods-ios-groups-resources.sh\"\n";
			showEnvVarsInLog = 0;
		};
		FC75DB1E67E17456E013F016 /* [CP] Embed Pods Frameworks */ = {
			isa = PBXShellScriptBuildPhase;
			buildActionMask = 2147483647;
			files = (
			);
			inputPaths = (
			);
			name = "[CP] Embed Pods Frameworks";
			outputPaths = (
			);
			runOnlyForDeploymentPostprocessing = 0;
			shellPath = /bin/sh;
			shellScript = "\"${SRCROOT}/Pods/Target Support Files/Pods-ios-groups/Pods-ios-groups-frameworks.sh\"\n";
			showEnvVarsInLog = 0;
		};
/* End PBXShellScriptBuildPhase section */

/* Begin PBXSourcesBuildPhase section */
		AC8A4E551E52B2F100C6D537 /* Sources */ = {
			isa = PBXSourcesBuildPhase;
			buildActionMask = 2147483647;
			files = (
				AC3BB4E71E79803C00A1590D /* JYNavigationController.m in Sources */,
				ACC947C01E56D5AD006514E5 /* UIButton+JYResources.m in Sources */,
				AC3BB4ED1E7980E300A1590D /* JYUtil.m in Sources */,
				ACC947761E5578D8006514E5 /* UIView+JYFrame.m in Sources */,
				ACC9477C1E558E23006514E5 /* UIView+JYScreenshot.m in Sources */,
				AC3BB4E41E79803C00A1590D /* JYDemoViewController.m in Sources */,
				AC8A4E611E52B2F100C6D537 /* AppDelegate.m in Sources */,
				AC3BB4E31E79803C00A1590D /* JYBaseViewController.m in Sources */,
				ACC947631E555F4C006514E5 /* UIColor+JYCategory.m in Sources */,
				AC3BB4E81E79803C00A1590D /* JYLiveRoomViewController.m in Sources */,
				ACC9476D1E557828006514E5 /* NSMutableDictionary+JYCategory.m in Sources */,
				ACC947701E55785B006514E5 /* NSMutableArray+JYCategory.m in Sources */,
				AC3BB4E61E79803C00A1590D /* JYLoginViewController.m in Sources */,
				ACC9476A1E557810006514E5 /* NSDictionary+JYCategory.m in Sources */,
				AC8A4E5E1E52B2F100C6D537 /* main.m in Sources */,
				ACC947C31E56D5BE006514E5 /* UIColor+JYResources.m in Sources */,
				AC3BB4E91E79803C00A1590D /* JYLiveViewController.m in Sources */,
				AC3BB4E51E79803C00A1590D /* JYHomeViewController.m in Sources */,
				ACC947731E557871006514E5 /* NSArray+JYCategory.m in Sources */,
				AC3BB4EA1E79803C00A1590D /* JYUCenterViewController.m in Sources */,
				ACC9477F1E559025006514E5 /* UIButton+JYCategory.m in Sources */,
				ACC947671E5577F8006514E5 /* NSString+JYCategory.m in Sources */,
			);
			runOnlyForDeploymentPostprocessing = 0;
		};
/* End PBXSourcesBuildPhase section */

/* Begin PBXVariantGroup section */
		ACC948301E5C5933006514E5 /* Localizable.strings */ = {
			isa = PBXVariantGroup;
			children = (
				ACC948311E5C5933006514E5 /* Base */,
				ACC948331E5C5946006514E5 /* en */,
			);
			name = Localizable.strings;
			sourceTree = "<group>";
		};
/* End PBXVariantGroup section */

/* Begin XCBuildConfiguration section */
		AC8A4E841E52B2F100C6D537 /* Debug */ = {
			isa = XCBuildConfiguration;
			buildSettings = {
				ALWAYS_SEARCH_USER_PATHS = NO;
				CLANG_ANALYZER_NONNULL = YES;
				CLANG_CXX_LANGUAGE_STANDARD = "gnu++0x";
				CLANG_CXX_LIBRARY = "libc++";
				CLANG_ENABLE_MODULES = YES;
				CLANG_ENABLE_OBJC_ARC = YES;
				CLANG_WARN_BOOL_CONVERSION = YES;
				CLANG_WARN_CONSTANT_CONVERSION = YES;
				CLANG_WARN_DIRECT_OBJC_ISA_USAGE = YES_ERROR;
				CLANG_WARN_DOCUMENTATION_COMMENTS = YES;
				CLANG_WARN_EMPTY_BODY = YES;
				CLANG_WARN_ENUM_CONVERSION = YES;
				CLANG_WARN_INFINITE_RECURSION = YES;
				CLANG_WARN_INT_CONVERSION = YES;
				CLANG_WARN_OBJC_ROOT_CLASS = YES_ERROR;
				CLANG_WARN_SUSPICIOUS_MOVE = YES;
				CLANG_WARN_UNREACHABLE_CODE = YES;
				CLANG_WARN__DUPLICATE_METHOD_MATCH = YES;
				"CODE_SIGN_IDENTITY[sdk=iphoneos*]" = "iPhone Developer";
				COPY_PHASE_STRIP = NO;
				DEBUG_INFORMATION_FORMAT = dwarf;
				ENABLE_STRICT_OBJC_MSGSEND = YES;
				ENABLE_TESTABILITY = YES;
				GCC_C_LANGUAGE_STANDARD = gnu99;
				GCC_DYNAMIC_NO_PIC = NO;
				GCC_NO_COMMON_BLOCKS = YES;
				GCC_OPTIMIZATION_LEVEL = 0;
				GCC_PREPROCESSOR_DEFINITIONS = (
					"DEBUG=1",
					"$(inherited)",
				);
				GCC_WARN_64_TO_32_BIT_CONVERSION = YES;
				GCC_WARN_ABOUT_RETURN_TYPE = YES_ERROR;
				GCC_WARN_UNDECLARED_SELECTOR = YES;
				GCC_WARN_UNINITIALIZED_AUTOS = YES_AGGRESSIVE;
				GCC_WARN_UNUSED_FUNCTION = YES;
				GCC_WARN_UNUSED_VARIABLE = YES;
				IPHONEOS_DEPLOYMENT_TARGET = 8.0;
				MTL_ENABLE_DEBUG_INFO = YES;
				ONLY_ACTIVE_ARCH = YES;
				SDKROOT = iphoneos;
			};
			name = Debug;
		};
		AC8A4E851E52B2F100C6D537 /* Release */ = {
			isa = XCBuildConfiguration;
			buildSettings = {
				ALWAYS_SEARCH_USER_PATHS = NO;
				CLANG_ANALYZER_NONNULL = YES;
				CLANG_CXX_LANGUAGE_STANDARD = "gnu++0x";
				CLANG_CXX_LIBRARY = "libc++";
				CLANG_ENABLE_MODULES = YES;
				CLANG_ENABLE_OBJC_ARC = YES;
				CLANG_WARN_BOOL_CONVERSION = YES;
				CLANG_WARN_CONSTANT_CONVERSION = YES;
				CLANG_WARN_DIRECT_OBJC_ISA_USAGE = YES_ERROR;
				CLANG_WARN_DOCUMENTATION_COMMENTS = YES;
				CLANG_WARN_EMPTY_BODY = YES;
				CLANG_WARN_ENUM_CONVERSION = YES;
				CLANG_WARN_INFINITE_RECURSION = YES;
				CLANG_WARN_INT_CONVERSION = YES;
				CLANG_WARN_OBJC_ROOT_CLASS = YES_ERROR;
				CLANG_WARN_SUSPICIOUS_MOVE = YES;
				CLANG_WARN_UNREACHABLE_CODE = YES;
				CLANG_WARN__DUPLICATE_METHOD_MATCH = YES;
				"CODE_SIGN_IDENTITY[sdk=iphoneos*]" = "iPhone Developer";
				COPY_PHASE_STRIP = NO;
				DEBUG_INFORMATION_FORMAT = "dwarf-with-dsym";
				ENABLE_NS_ASSERTIONS = NO;
				ENABLE_STRICT_OBJC_MSGSEND = YES;
				GCC_C_LANGUAGE_STANDARD = gnu99;
				GCC_NO_COMMON_BLOCKS = YES;
				GCC_WARN_64_TO_32_BIT_CONVERSION = YES;
				GCC_WARN_ABOUT_RETURN_TYPE = YES_ERROR;
				GCC_WARN_UNDECLARED_SELECTOR = YES;
				GCC_WARN_UNINITIALIZED_AUTOS = YES_AGGRESSIVE;
				GCC_WARN_UNUSED_FUNCTION = YES;
				GCC_WARN_UNUSED_VARIABLE = YES;
				IPHONEOS_DEPLOYMENT_TARGET = 8.0;
				MTL_ENABLE_DEBUG_INFO = NO;
				SDKROOT = iphoneos;
				VALIDATE_PRODUCT = YES;
			};
			name = Release;
		};
		AC8A4E871E52B2F100C6D537 /* Debug */ = {
			isa = XCBuildConfiguration;
			baseConfigurationReference = 6A5B5F119B8D514395E23584 /* Pods-ios-groups.debug.xcconfig */;
			buildSettings = {
				DEVELOPMENT_TEAM = 9FA65VMFDP;
				FRAMEWORK_SEARCH_PATHS = (
					"$(inherited)",
					"$(PROJECT_DIR)/Classes/SDK/RongCloud",
					"$(PROJECT_DIR)/Resource/RongCloud",
				);
				GCC_PREFIX_HEADER = "ios-groups/PrefixHeader.pch";
				INFOPLIST_FILE = "ios-groups/Info.plist";
				IPHONEOS_DEPLOYMENT_TARGET = 8.0;
				LD_RUNPATH_SEARCH_PATHS = "$(inherited) @executable_path/Frameworks";
				LIBRARY_SEARCH_PATHS = (
					"$(inherited)",
					"$(PROJECT_DIR)/Classes/SDK/RongCloud",
					"$(PROJECT_DIR)/Classes/SDK/TalkingData",
					"$(PROJECT_DIR)/Classes/SDK/WeChatSDK",
					"$(PROJECT_DIR)/Resource/WeChatSDK",
					"$(PROJECT_DIR)/Resource/RongCloud",
					"$(PROJECT_DIR)/Resource/TalkingData",
				);
				PRODUCT_BUNDLE_IDENTIFIER = com.junyang.app;
				PRODUCT_NAME = "$(TARGET_NAME)";
			};
			name = Debug;
		};
		AC8A4E881E52B2F100C6D537 /* Release */ = {
			isa = XCBuildConfiguration;
			baseConfigurationReference = AE2992DCEA0B3A7D48C93BF6 /* Pods-ios-groups.release.xcconfig */;
			buildSettings = {
				DEVELOPMENT_TEAM = 9FA65VMFDP;
				FRAMEWORK_SEARCH_PATHS = (
					"$(inherited)",
					"$(PROJECT_DIR)/Classes/SDK/RongCloud",
					"$(PROJECT_DIR)/Resource/RongCloud",
				);
				GCC_PREFIX_HEADER = "ios-groups/PrefixHeader.pch";
				INFOPLIST_FILE = "ios-groups/Info.plist";
				IPHONEOS_DEPLOYMENT_TARGET = 8.0;
				LD_RUNPATH_SEARCH_PATHS = "$(inherited) @executable_path/Frameworks";
				LIBRARY_SEARCH_PATHS = (
					"$(inherited)",
					"$(PROJECT_DIR)/Classes/SDK/RongCloud",
					"$(PROJECT_DIR)/Classes/SDK/TalkingData",
					"$(PROJECT_DIR)/Classes/SDK/WeChatSDK",
					"$(PROJECT_DIR)/Resource/WeChatSDK",
					"$(PROJECT_DIR)/Resource/RongCloud",
					"$(PROJECT_DIR)/Resource/TalkingData",
				);
				PRODUCT_BUNDLE_IDENTIFIER = com.junyang.app;
				PRODUCT_NAME = "$(TARGET_NAME)";
			};
			name = Release;
		};
/* End XCBuildConfiguration section */

/* Begin XCConfigurationList section */
		AC8A4E541E52B2F100C6D537 /* Build configuration list for PBXProject "ios-groups" */ = {
			isa = XCConfigurationList;
			buildConfigurations = (
				AC8A4E841E52B2F100C6D537 /* Debug */,
				AC8A4E851E52B2F100C6D537 /* Release */,
			);
			defaultConfigurationIsVisible = 0;
			defaultConfigurationName = Release;
		};
		AC8A4E861E52B2F100C6D537 /* Build configuration list for PBXNativeTarget "ios-groups" */ = {
			isa = XCConfigurationList;
			buildConfigurations = (
				AC8A4E871E52B2F100C6D537 /* Debug */,
				AC8A4E881E52B2F100C6D537 /* Release */,
			);
			defaultConfigurationIsVisible = 0;
			defaultConfigurationName = Release;
		};
/* End XCConfigurationList section */
	};
	rootObject = AC8A4E511E52B2F100C6D537 /* Project object */;
}
